
Microsoft Visual Studio Solution File, Format Version 12.00
# Visual Studio Version 16
VisualStudioVersion = 16.0.31729.503
MinimumVisualStudioVersion = 10.0.40219.1
Project("{FAE04EC0-301F-11D3-BF4B-00C04F79EFBC}") = "cagateway-template", "cagateway-template\cagateway-template.csproj", "{9D2D6ED9-4626-430C-879D-0FE0FEBED146}"
EndProject
Project("{2150E333-8FDC-42A3-9474-1A3956D46DE8}") = "Solution Items", "Solution Items", "{431498A1-F30A-4307-9FBF-B1D634326444}"
	ProjectSection(SolutionItems) = preProject
		CHANGELOG.md = CHANGELOG.md
		integration-manifest.json = integration-manifest.json
		readme_source.md = readme_source.md
	EndProjectSection
EndProject
Global
	GlobalSection(SolutionConfigurationPlatforms) = preSolution
		Debug|Any CPU = Debug|Any CPU
		Release|Any CPU = Release|Any CPU
	EndGlobalSection
	GlobalSection(ProjectConfigurationPlatforms) = postSolution
		{9D2D6ED9-4626-430C-879D-0FE0FEBED146}.Debug|Any CPU.ActiveCfg = Debug|Any CPU
		{9D2D6ED9-4626-430C-879D-0FE0FEBED146}.Debug|Any CPU.Build.0 = Debug|Any CPU
		{9D2D6ED9-4626-430C-879D-0FE0FEBED146}.Release|Any CPU.ActiveCfg = Release|Any CPU
		{9D2D6ED9-4626-430C-879D-0FE0FEBED146}.Release|Any CPU.Build.0 = Release|Any CPU
	EndGlobalSection
	GlobalSection(SolutionProperties) = preSolution
		HideSolutionNode = FALSE
	EndGlobalSection
	GlobalSection(ExtensibilityGlobals) = postSolution
		SolutionGuid = {5D2E21F6-120F-4B71-A596-991879B03943}
	EndGlobalSection
EndGlobal
